
Microsoft Visual Studio Solution File, Format Version 10.00
# Visual Studio 2008
Project("{8BC9CEB8-8B4A-11D0-8D11-00A0C91BC942}") = "Typhoon", "Typhoon\Typhoon.vcproj", "{1738630A-0E1E-40D9-BEF1-3D616B7ABCFF}"
EndProject
Global
	GlobalSection(SolutionConfigurationPlatforms) = preSolution
		Debug|Win32 = Debug|Win32
		Release|Win32 = Release|Win32
	EndGlobalSection
	GlobalSection(ProjectConfigurationPlatforms) = postSolution
		{1738630A-0E1E-40D9-BEF1-3D616B7ABCFF}.Debug|Win32.ActiveCfg = Debug|Win32
		{1738630A-0E1E-40D9-BEF1-3D616B7ABCFF}.Debug|Win32.Build.0 = Debug|Win32
		{1738630A-0E1E-40D9-BEF1-3D616B7ABCFF}.Release|Win32.ActiveCfg = Release|Win32
		{1738630A-0E1E-40D9-BEF1-3D616B7ABCFF}.Release|Win32.Build.0 = Release|Win32
	EndGlobalSection
	GlobalSection(SolutionProperties) = preSolution
		HideSolutionNode = FALSE
	EndGlobalSection
EndGlobal
